
Microsoft Visual Studio Solution File, Format Version 12.00
# Visual Studio Version 16
VisualStudioVersion = 16.0.31624.102
MinimumVisualStudioVersion = 10.0.40219.1
Project("{9A19103F-16F7-4668-BE54-9A1E7A4F7556}") = "MoviesList", "MyToDoList\MoviesList.csproj", "{72FFA6D7-AE18-44F5-8AED-8BED0270B473}"
EndProject
Global
	GlobalSection(SolutionConfigurationPlatforms) = preSolution
		Debug|Any CPU = Debug|Any CPU
		Release|Any CPU = Release|Any CPU
	EndGlobalSection
	GlobalSection(ProjectConfigurationPlatforms) = postSolution
		{72FFA6D7-AE18-44F5-8AED-8BED0270B473}.Debug|Any CPU.ActiveCfg = Debug|Any CPU
		{72FFA6D7-AE18-44F5-8AED-8BED0270B473}.Debug|Any CPU.Build.0 = Debug|Any CPU
		{72FFA6D7-AE18-44F5-8AED-8BED0270B473}.Release|Any CPU.ActiveCfg = Release|Any CPU
		{72FFA6D7-AE18-44F5-8AED-8BED0270B473}.Release|Any CPU.Build.0 = Release|Any CPU
	EndGlobalSection
	GlobalSection(SolutionProperties) = preSolution
		HideSolutionNode = FALSE
	EndGlobalSection
	GlobalSection(ExtensibilityGlobals) = postSolution
		SolutionGuid = {D8CB7CFC-99AF-4201-A82E-7CCF869ED3FD}
	EndGlobalSection
EndGlobal
